
Microsoft Visual Studio Solution File, Format Version 12.00
# Visual Studio Version 16
VisualStudioVersion = 16.0.32106.194
MinimumVisualStudioVersion = 10.0.40219.1
Project("{9A19103F-16F7-4668-BE54-9A1E7A4F7556}") = "Practical_17", "Practical_17\Practical_17.csproj", "{08BBDA90-C7DD-40E7-BB81-5A9C223BC8E3}"
EndProject
Project("{FAE04EC0-301F-11D3-BF4B-00C04F79EFBC}") = "WebApplication1", "WebApplication1\WebApplication1.csproj", "{BFD5C5AE-2910-4F97-929A-BC89B0B7015B}"
EndProject
Global
	GlobalSection(SolutionConfigurationPlatforms) = preSolution
		Debug|Any CPU = Debug|Any CPU
		Release|Any CPU = Release|Any CPU
	EndGlobalSection
	GlobalSection(ProjectConfigurationPlatforms) = postSolution
		{08BBDA90-C7DD-40E7-BB81-5A9C223BC8E3}.Debug|Any CPU.ActiveCfg = Debug|Any CPU
		{08BBDA90-C7DD-40E7-BB81-5A9C223BC8E3}.Debug|Any CPU.Build.0 = Debug|Any CPU
		{08BBDA90-C7DD-40E7-BB81-5A9C223BC8E3}.Release|Any CPU.ActiveCfg = Release|Any CPU
		{08BBDA90-C7DD-40E7-BB81-5A9C223BC8E3}.Release|Any CPU.Build.0 = Release|Any CPU
		{BFD5C5AE-2910-4F97-929A-BC89B0B7015B}.Debug|Any CPU.ActiveCfg = Debug|Any CPU
		{BFD5C5AE-2910-4F97-929A-BC89B0B7015B}.Debug|Any CPU.Build.0 = Debug|Any CPU
		{BFD5C5AE-2910-4F97-929A-BC89B0B7015B}.Release|Any CPU.ActiveCfg = Release|Any CPU
		{BFD5C5AE-2910-4F97-929A-BC89B0B7015B}.Release|Any CPU.Build.0 = Release|Any CPU
	EndGlobalSection
	GlobalSection(SolutionProperties) = preSolution
		HideSolutionNode = FALSE
	EndGlobalSection
	GlobalSection(ExtensibilityGlobals) = postSolution
		SolutionGuid = {13C928E2-E75A-4696-850B-E1DB36BE0775}
	EndGlobalSection
EndGlobal
