
Microsoft Visual Studio Solution File, Format Version 12.00
# Visual Studio Version 16
VisualStudioVersion = 16.0.32106.194
MinimumVisualStudioVersion = 10.0.40219.1
Project("{FAE04EC0-301F-11D3-BF4B-00C04F79EFBC}") = "Practical_16", "Practical_16\Practical_16.csproj", "{86AEE78F-2FD9-4282-9F3B-1BD40FBCE111}"
EndProject
Global
	GlobalSection(SolutionConfigurationPlatforms) = preSolution
		Debug|Any CPU = Debug|Any CPU
		Release|Any CPU = Release|Any CPU
	EndGlobalSection
	GlobalSection(ProjectConfigurationPlatforms) = postSolution
		{86AEE78F-2FD9-4282-9F3B-1BD40FBCE111}.Debug|Any CPU.ActiveCfg = Debug|Any CPU
		{86AEE78F-2FD9-4282-9F3B-1BD40FBCE111}.Debug|Any CPU.Build.0 = Debug|Any CPU
		{86AEE78F-2FD9-4282-9F3B-1BD40FBCE111}.Release|Any CPU.ActiveCfg = Release|Any CPU
		{86AEE78F-2FD9-4282-9F3B-1BD40FBCE111}.Release|Any CPU.Build.0 = Release|Any CPU
	EndGlobalSection
	GlobalSection(SolutionProperties) = preSolution
		HideSolutionNode = FALSE
	EndGlobalSection
	GlobalSection(ExtensibilityGlobals) = postSolution
		SolutionGuid = {C4F02082-8E41-41FB-86E3-73CBDC4C1674}
	EndGlobalSection
EndGlobal
